<?xml version="1.0" encoding="utf-8"?>
<Project ToolsVersion="4.0" xmlns="http://schemas.microsoft.com/developer/msbuild/2003">
  <ItemGroup>
    <Filter Include="Source Files">
      <UniqueIdentifier>{4FC737F1-C7A5-4376-A066-2A32D752A2FF}</UniqueIdentifier>
      <Extensions>cpp;c;cc;cxx;def;odl;idl;hpj;bat;asm;asmx</Extensions>
    </Filter>
    <Filter Include="Header Files">
      <UniqueIdentifier>{93995380-89BD-4b04-88EB-625FBE52EBFB}</UniqueIdentifier>
      <Extensions>h;hh;hpp;hxx;hm;inl;inc;ipp;xsd</Extensions>
    </Filter>
    <Filter Include="Resource Files">
      <UniqueIdentifier>{67DA6AB6-F800-4c08-8B7A-83BB121AAD01}</UniqueIdentifier>
      <Extensions>rc;ico;cur;bmp;dlg;rc2;rct;bin;rgs;gif;jpg;jpeg;jpe;resx;tiff;tif;png;wav;mfcribbon-ms</Extensions>
    </Filter>
    <Filter Include="SilentEngine">
      <UniqueIdentifier>{a8d96fda-2d00-4b80-b45b-4bef6f5bf248}</UniqueIdentifier>
    </Filter>
    <Filter Include="SilentEditor">
      <UniqueIdentifier>{ea0faad0-5cc1-4b68-ade9-f544a1343557}</UniqueIdentifier>
    </Filter>
    <Filter Include="SilentEditor\EditorApplication">
      <UniqueIdentifier>{997d69d6-73f0-45a2-8595-8f53e1e2e5c8}</UniqueIdentifier>
    </Filter>
    <Filter Include="SilentEngine\Private">
      <UniqueIdentifier>{86a31200-cdcb-46ae-b795-d70ef3ee8eb3}</UniqueIdentifier>
    </Filter>
    <Filter Include="SilentEngine\Private\SError">
      <UniqueIdentifier>{6c7f4150-7714-46ba-ab36-54f12e4904e0}</UniqueIdentifier>
    </Filter>
    <Filter Include="SilentEngine\Private\SFrameResource">
      <UniqueIdentifier>{12a94731-5852-4ad4-87b0-e67dd49a5f2a}</UniqueIdentifier>
    </Filter>
    <Filter Include="SilentEngine\Private\SGameTimer">
      <UniqueIdentifier>{4e64ae65-f843-4ed1-afa6-17d6ad017812}</UniqueIdentifier>
    </Filter>
    <Filter Include="SilentEngine\Private\SMath">
      <UniqueIdentifier>{3c2b4270-f1ca-407c-a2ea-42bcc46fb894}</UniqueIdentifier>
    </Filter>
    <Filter Include="SilentEngine\Private\SUploadBuffer">
      <UniqueIdentifier>{8700b289-0793-494f-9e64-9e18cfad1599}</UniqueIdentifier>
    </Filter>
    <Filter Include="SilentEngine\Public">
      <UniqueIdentifier>{96733bd8-89d7-447a-bc94-efacbd5e9140}</UniqueIdentifier>
    </Filter>
    <Filter Include="SilentEngine\Public\SApplication">
      <UniqueIdentifier>{5024d630-ec27-4be1-ab6f-bcc496076e7d}</UniqueIdentifier>
    </Filter>
    <Filter Include="SilentEngine\Public\SPrimitiveShapeGenerator">
      <UniqueIdentifier>{a437bd12-52c0-4973-836e-f306e8e0b857}</UniqueIdentifier>
    </Filter>
    <Filter Include="SilentEngine\Public\STimer">
      <UniqueIdentifier>{06c03a2f-706a-4c99-a07a-9e25c9391738}</UniqueIdentifier>
    </Filter>
    <Filter Include="SilentEngine\Public\SVector">
      <UniqueIdentifier>{886335b1-1e95-4e3e-b7d0-898d4ce78788}</UniqueIdentifier>
    </Filter>
    <Filter Include="SilentEngine\Public\SMouseKey">
      <UniqueIdentifier>{ca76268c-9fa4-4e23-b0f4-8cab4c82ddd6}</UniqueIdentifier>
    </Filter>
    <Filter Include="SilentEngine\Public\SKeyboardKey">
      <UniqueIdentifier>{0a55131d-c05d-42fa-80bf-e2ef7eb7e73d}</UniqueIdentifier>
    </Filter>
    <Filter Include="SilentEngine\Public\SVideoSettings">
      <UniqueIdentifier>{141656cc-9317-4e81-a432-c4f8752b5039}</UniqueIdentifier>
    </Filter>
    <Filter Include="SilentEngine\Public\EntityComponentSystem">
      <UniqueIdentifier>{8ac957ba-684a-42c9-9003-01f7b19895ac}</UniqueIdentifier>
    </Filter>
    <Filter Include="SilentEngine\Public\EntityComponentSystem\SContainer">
      <UniqueIdentifier>{468b4590-2785-435e-bcc9-81420c897a3f}</UniqueIdentifier>
    </Filter>
    <Filter Include="SilentEngine\Public\EntityComponentSystem\SMeshComponent">
      <UniqueIdentifier>{bde7186e-bfea-472d-8ae5-51ac9bac0d89}</UniqueIdentifier>
    </Filter>
    <Filter Include="SilentEditor\MyContainer">
      <UniqueIdentifier>{b5645976-5baf-45d5-b8ca-ea0255559ffc}</UniqueIdentifier>
    </Filter>
    <Filter Include="SilentEngine\Public\SProfiler">
      <UniqueIdentifier>{74ebdc71-ee8f-425d-84bc-65e9f966a081}</UniqueIdentifier>
    </Filter>
    <Filter Include="SilentEngine\Public\SLevel">
      <UniqueIdentifier>{a10de0f6-0d1f-4345-83f6-c832de128288}</UniqueIdentifier>
    </Filter>
    <Filter Include="SilentEngine\Public\EntityComponentSystem\SRuntimeMeshComponent">
      <UniqueIdentifier>{cdeaad22-33ed-4ef2-8d03-5a9da614f591}</UniqueIdentifier>
    </Filter>
    <Filter Include="SilentEngine\Public\EntityComponentSystem\STargetComponent">
      <UniqueIdentifier>{6cdb74cb-2f2f-4b1d-9dcb-d244d98bfc4d}</UniqueIdentifier>
    </Filter>
    <Filter Include="SilentEngine\Private\EntityComponentSystem">
      <UniqueIdentifier>{95531138-3c6b-4f44-95c7-0c892d9d9b3d}</UniqueIdentifier>
    </Filter>
    <Filter Include="SilentEngine\Private\EntityComponentSystem\SComponent">
      <UniqueIdentifier>{aab5233b-1477-41ac-8b07-57bdfb1e75c4}</UniqueIdentifier>
    </Filter>
    <Filter Include="SilentEngine\Private\EntityComponentSystem\SLightComponent">
      <UniqueIdentifier>{81faa491-b58a-4aab-8d23-8e93ac6ba3d6}</UniqueIdentifier>
    </Filter>
    <Filter Include="SilentEngine\Public\EntityComponentSystem\SPointLightComponent">
      <UniqueIdentifier>{a2c426c7-b88b-4704-801b-b5617fabe9e8}</UniqueIdentifier>
    </Filter>
    <Filter Include="SilentEngine\Public\EntityComponentSystem\SSpotLightComponent">
      <UniqueIdentifier>{cd6a543e-eabd-4df3-9add-c5d3448dde18}</UniqueIdentifier>
    </Filter>
    <Filter Include="SilentEngine\Public\EntityComponentSystem\SDirectionalLightComponent">
      <UniqueIdentifier>{b8302868-83f4-4041-ad57-7baf3902e0e9}</UniqueIdentifier>
    </Filter>
    <Filter Include="SilentEngine\Private\DDSTextureLoader">
      <UniqueIdentifier>{057dd242-b632-4fd9-affd-5686e42ba953}</UniqueIdentifier>
    </Filter>
    <Filter Include="SilentEngine\Public\FileImport">
      <UniqueIdentifier>{94c89a58-dcf0-46a7-b47f-69ef89a25b97}</UniqueIdentifier>
    </Filter>
    <Filter Include="SilentEngine\Public\FileImport\SFormatOBJImporter">
      <UniqueIdentifier>{2997dee3-3c6d-4174-bb60-177160f1eb50}</UniqueIdentifier>
    </Filter>
    <Filter Include="SilentEngine\Private\SShader">
      <UniqueIdentifier>{474539cc-b7b8-4a51-bf33-1c085f2b1cc5}</UniqueIdentifier>
    </Filter>
    <Filter Include="SilentEngine\Private\SBlurEffect">
      <UniqueIdentifier>{319fe186-96a5-46c1-899e-7fe09cd82e2b}</UniqueIdentifier>
    </Filter>
    <Filter Include="SilentEngine\Private\SRenderItem">
      <UniqueIdentifier>{baaead86-85c4-414a-97cc-f95a753cf7ea}</UniqueIdentifier>
    </Filter>
    <Filter Include="SilentEngine\Private\SMiscHelpers">
      <UniqueIdentifier>{0544a124-f7c4-4007-9160-87d7e303cd18}</UniqueIdentifier>
    </Filter>
    <Filter Include="SilentEngine\Private\SCustomShaderResources">
      <UniqueIdentifier>{caae7e99-ada4-41dd-95ae-4cb5a560491a}</UniqueIdentifier>
    </Filter>
    <Filter Include="SilentEngine\Public\SCamera">
      <UniqueIdentifier>{d800ca07-24fd-45d3-ba56-dadcad192903}</UniqueIdentifier>
    </Filter>
    <Filter Include="SilentEngine\Public\SMaterial">
      <UniqueIdentifier>{1a031b46-f8f4-4729-b815-9869a5690898}</UniqueIdentifier>
    </Filter>
    <Filter Include="SilentEngine\Public\SComputeShader">
      <UniqueIdentifier>{a5c793dc-964d-456a-9325-de6ce3ee316c}</UniqueIdentifier>
    </Filter>
    <Filter Include="SilentEngine\Private\AudioEngine">
      <UniqueIdentifier>{2d149914-50e5-4669-85fe-ce99990f1365}</UniqueIdentifier>
    </Filter>
    <Filter Include="SilentEngine\Private\AudioEngine\SAudioEngine">
      <UniqueIdentifier>{49c98022-8a64-4e3d-b57d-83cc403e9465}</UniqueIdentifier>
    </Filter>
    <Filter Include="SilentEngine\Private\AudioEngine\SSound">
      <UniqueIdentifier>{f9f8b5d0-eef1-4940-94a4-c18cb6f5ec07}</UniqueIdentifier>
    </Filter>
    <Filter Include="SilentEngine\Private\AudioEngine\SSoundMix">
      <UniqueIdentifier>{75a20ddf-0ed4-4f55-9419-f83ed8bb92a6}</UniqueIdentifier>
    </Filter>
    <Filter Include="SilentEngine\Public\EntityComponentSystem\SAudioComponent">
      <UniqueIdentifier>{af860788-a8d2-49a3-9a28-525d92929446}</UniqueIdentifier>
    </Filter>
    <Filter Include="SilentEngine\Public\GUI">
      <UniqueIdentifier>{86e84d93-c1be-4c86-904e-904cb12f4be9}</UniqueIdentifier>
    </Filter>
    <Filter Include="SilentEngine\Private\GUI">
      <UniqueIdentifier>{f9967351-41f2-49d7-a1bf-b5d6f797a620}</UniqueIdentifier>
    </Filter>
    <Filter Include="SilentEngine\Private\GUI\SGUIObject">
      <UniqueIdentifier>{0d5f92ac-d165-4756-99d4-6323c71d0b69}</UniqueIdentifier>
    </Filter>
  </ItemGroup>
  <ItemGroup>
    <ClCompile Include="..\src\SilentEngine\public\SApplication\SApplication.cpp">
      <Filter>SilentEngine\Public\SApplication</Filter>
    </ClCompile>
    <ClCompile Include="..\src\SilentEngine\public\STimer\STimer.cpp">
      <Filter>SilentEngine\Public\STimer</Filter>
    </ClCompile>
    <ClCompile Include="..\src\SilentEngine\private\SGameTimer\SGameTimer.cpp">
      <Filter>SilentEngine\Private\SGameTimer</Filter>
    </ClCompile>
    <ClCompile Include="..\src\SilentEngine\private\SError\SError.cpp">
      <Filter>SilentEngine\Private\SError</Filter>
    </ClCompile>
    <ClCompile Include="..\src\SilentEngine\private\SMath\SMath.cpp">
      <Filter>SilentEngine\Private\SMath</Filter>
    </ClCompile>
    <ClCompile Include="..\src\SilentEngine\private\SFrameResource\SFrameResource.cpp">
      <Filter>SilentEngine\Private\SFrameResource</Filter>
    </ClCompile>
    <ClCompile Include="..\src\SilentEngine\public\SPrimitiveShapeGenerator\SPrimitiveShapeGenerator.cpp">
      <Filter>SilentEngine\Public\SPrimitiveShapeGenerator</Filter>
    </ClCompile>
    <ClCompile Include="..\src\SilentEngine\public\SVector\SVector.cpp">
      <Filter>SilentEngine\Public\SVector</Filter>
    </ClCompile>
    <ClCompile Include="..\src\SilentEditor\EditorApplication\EditorApplication.cpp">
      <Filter>SilentEditor\EditorApplication</Filter>
    </ClCompile>
    <ClCompile Include="..\src\SilentEditor\main.cpp">
      <Filter>SilentEditor</Filter>
    </ClCompile>
    <ClCompile Include="..\src\SilentEngine\public\SVideoSettings\SVideoSettings.cpp">
      <Filter>SilentEngine\Public\SVideoSettings</Filter>
    </ClCompile>
    <ClCompile Include="..\src\SilentEngine\Public\EntityComponentSystem\SContainer\SContainer.cpp">
      <Filter>SilentEngine\Public\EntityComponentSystem\SContainer</Filter>
    </ClCompile>
    <ClCompile Include="..\src\SilentEngine\Public\EntityComponentSystem\SMeshComponent\SMeshComponent.cpp">
      <Filter>SilentEngine\Public\EntityComponentSystem\SMeshComponent</Filter>
    </ClCompile>
    <ClCompile Include="..\src\SilentEditor\MyContainer\MyContainer.cpp">
      <Filter>SilentEditor\MyContainer</Filter>
    </ClCompile>
    <ClCompile Include="..\src\SilentEngine\Public\SProfiler\SProfiler.cpp">
      <Filter>SilentEngine\Public\SProfiler</Filter>
    </ClCompile>
    <ClCompile Include="..\src\SilentEngine\Public\SLevel\SLevel.cpp">
      <Filter>SilentEngine\Public\SLevel</Filter>
    </ClCompile>
    <ClCompile Include="..\src\SilentEngine\Public\EntityComponentSystem\SRuntimeMeshComponent\SRuntimeMeshComponent.cpp">
      <Filter>SilentEngine\Public\EntityComponentSystem\SRuntimeMeshComponent</Filter>
    </ClCompile>
    <ClCompile Include="..\src\SilentEngine\Public\EntityComponentSystem\STargetComponent\STargetComponent.cpp">
      <Filter>SilentEngine\Public\EntityComponentSystem\STargetComponent</Filter>
    </ClCompile>
    <ClCompile Include="..\src\SilentEngine\Private\EntityComponentSystem\SComponent\SComponent.cpp">
      <Filter>SilentEngine\Private\EntityComponentSystem\SComponent</Filter>
    </ClCompile>
    <ClCompile Include="..\src\SilentEngine\Private\EntityComponentSystem\SLightComponent\SLightComponent.cpp">
      <Filter>SilentEngine\Private\EntityComponentSystem\SLightComponent</Filter>
    </ClCompile>
    <ClCompile Include="..\src\SilentEngine\Public\EntityComponentSystem\SPointLightComponent\SPointLightComponent.cpp">
      <Filter>SilentEngine\Public\EntityComponentSystem\SPointLightComponent</Filter>
    </ClCompile>
    <ClCompile Include="..\src\SilentEngine\Public\EntityComponentSystem\SSpotLightComponent\SSpotLightComponent.cpp">
      <Filter>SilentEngine\Public\EntityComponentSystem\SSpotLightComponent</Filter>
    </ClCompile>
    <ClCompile Include="..\src\SilentEngine\Public\EntityComponentSystem\SDirectionalLightComponent\SDirectionalLightComponent.cpp">
      <Filter>SilentEngine\Public\EntityComponentSystem\SDirectionalLightComponent</Filter>
    </ClCompile>
    <ClCompile Include="..\src\SilentEngine\Private\DDSTextureLoader.cpp">
      <Filter>SilentEngine\Private\DDSTextureLoader</Filter>
    </ClCompile>
    <ClCompile Include="..\src\SilentEngine\Public\FileImport\SFormatOBJImporter\SFormatOBJImporter.cpp">
      <Filter>SilentEngine\Public\FileImport\SFormatOBJImporter</Filter>
    </ClCompile>
    <ClCompile Include="..\src\SilentEngine\Private\SShader\SShader.cpp">
      <Filter>SilentEngine\Private\SShader</Filter>
    </ClCompile>
    <ClCompile Include="..\src\SilentEngine\Private\SBlurEffect\SBlurEffect.cpp">
      <Filter>SilentEngine\Private\SBlurEffect</Filter>
    </ClCompile>
    <ClCompile Include="..\src\SilentEngine\Private\SRenderItem\SRenderItem.cpp">
      <Filter>SilentEngine\Private\SRenderItem</Filter>
    </ClCompile>
    <ClCompile Include="..\src\SilentEngine\Private\SMiscHelpers\SMiscHelpers.cpp">
      <Filter>SilentEngine\Private\SMiscHelpers</Filter>
    </ClCompile>
    <ClCompile Include="..\src\SilentEngine\Private\SCustomShaderResources\SCustomShaderResources.cpp">
      <Filter>SilentEngine\Private\SCustomShaderResources</Filter>
    </ClCompile>
    <ClCompile Include="..\src\SilentEngine\Public\SCamera\SCamera.cpp">
      <Filter>SilentEngine\Public\SCamera</Filter>
    </ClCompile>
    <ClCompile Include="..\src\SilentEngine\Public\SMaterial\SMaterial.cpp">
      <Filter>SilentEngine\Public\SMaterial</Filter>
    </ClCompile>
    <ClCompile Include="..\src\SilentEngine\Public\SComputeShader\SComputeShader.cpp">
      <Filter>SilentEngine\Public\SComputeShader</Filter>
    </ClCompile>
    <ClCompile Include="..\src\SilentEngine\Private\AudioEngine\SAudioEngine\saudioengine.cpp">
      <Filter>SilentEngine\Private\AudioEngine\SAudioEngine</Filter>
    </ClCompile>
    <ClCompile Include="..\src\SilentEngine\Private\AudioEngine\SSound\ssound.cpp">
      <Filter>SilentEngine\Private\AudioEngine\SSound</Filter>
    </ClCompile>
    <ClCompile Include="..\src\SilentEngine\Private\AudioEngine\SSoundMix\ssoundmix.cpp">
      <Filter>SilentEngine\Private\AudioEngine\SSoundMix</Filter>
    </ClCompile>
    <ClCompile Include="..\src\SilentEngine\Public\EntityComponentSystem\SAudioComponent\SAudioComponent.cpp">
      <Filter>SilentEngine\Public\EntityComponentSystem\SAudioComponent</Filter>
    </ClCompile>
    <ClCompile Include="..\src\SilentEngine\Private\GUI\SGUIObject\SGUIObject.cpp">
      <Filter>SilentEngine\Private\GUI\SGUIObject</Filter>
    </ClCompile>
  </ItemGroup>
  <ItemGroup>
    <ClInclude Include="..\src\SilentEngine\public\SApplication\SApplication.h">
      <Filter>SilentEngine\Public\SApplication</Filter>
    </ClInclude>
    <ClInclude Include="..\src\SilentEngine\public\STimer\STimer.h">
      <Filter>SilentEngine\Public\STimer</Filter>
    </ClInclude>
    <ClInclude Include="..\src\SilentEngine\private\SGameTimer\SGameTimer.h">
      <Filter>SilentEngine\Private\SGameTimer</Filter>
    </ClInclude>
    <ClInclude Include="..\src\SilentEngine\private\SError\SError.h">
      <Filter>SilentEngine\Private\SError</Filter>
    </ClInclude>
    <ClInclude Include="..\src\SilentEngine\private\SMath\SMath.h">
      <Filter>SilentEngine\Private\SMath</Filter>
    </ClInclude>
    <ClInclude Include="..\src\SilentEngine\private\SUploadBuffer\SUploadBuffer.h">
      <Filter>SilentEngine\Private\SUploadBuffer</Filter>
    </ClInclude>
    <ClInclude Include="..\src\SilentEngine\private\SFrameResource\SFrameResource.h">
      <Filter>SilentEngine\Private\SFrameResource</Filter>
    </ClInclude>
    <ClInclude Include="..\src\SilentEngine\public\SPrimitiveShapeGenerator\SPrimitiveShapeGenerator.h">
      <Filter>SilentEngine\Public\SPrimitiveShapeGenerator</Filter>
    </ClInclude>
    <ClInclude Include="..\src\SilentEngine\public\SVector\SVector.h">
      <Filter>SilentEngine\Public\SVector</Filter>
    </ClInclude>
    <ClInclude Include="..\src\SilentEngine\public\SMouseKey\SMouseKey.h">
      <Filter>SilentEngine\Public\SMouseKey</Filter>
    </ClInclude>
    <ClInclude Include="..\src\SilentEngine\public\SKeyboardKey\SKeyboardKey.h">
      <Filter>SilentEngine\Public\SKeyboardKey</Filter>
    </ClInclude>
    <ClInclude Include="..\src\SilentEditor\EditorApplication\EditorApplication.h">
      <Filter>SilentEditor\EditorApplication</Filter>
    </ClInclude>
    <ClInclude Include="..\src\SilentEngine\public\SVideoSettings\SVideoSettings.h">
      <Filter>SilentEngine\Public\SVideoSettings</Filter>
    </ClInclude>
    <ClInclude Include="..\src\SilentEngine\Public\EntityComponentSystem\SContainer\SContainer.h">
      <Filter>SilentEngine\Public\EntityComponentSystem\SContainer</Filter>
    </ClInclude>
    <ClInclude Include="..\src\SilentEngine\Public\EntityComponentSystem\SMeshComponent\SMeshComponent.h">
      <Filter>SilentEngine\Public\EntityComponentSystem\SMeshComponent</Filter>
    </ClInclude>
    <ClInclude Include="..\src\SilentEditor\MyContainer\MyContainer.h">
      <Filter>SilentEditor\MyContainer</Filter>
    </ClInclude>
    <ClInclude Include="..\src\SilentEngine\Public\SProfiler\SProfiler.h">
      <Filter>SilentEngine\Public\SProfiler</Filter>
    </ClInclude>
    <ClInclude Include="..\src\SilentEngine\Public\SLevel\SLevel.h">
      <Filter>SilentEngine\Public\SLevel</Filter>
    </ClInclude>
    <ClInclude Include="..\src\SilentEngine\Public\EntityComponentSystem\SRuntimeMeshComponent\SRuntimeMeshComponent.h">
      <Filter>SilentEngine\Public\EntityComponentSystem\SRuntimeMeshComponent</Filter>
    </ClInclude>
    <ClInclude Include="..\src\SilentEngine\Public\EntityComponentSystem\STargetComponent\STargetComponent.h">
      <Filter>SilentEngine\Public\EntityComponentSystem\STargetComponent</Filter>
    </ClInclude>
    <ClInclude Include="..\src\SilentEngine\Private\EntityComponentSystem\SComponent\SComponent.h">
      <Filter>SilentEngine\Private\EntityComponentSystem\SComponent</Filter>
    </ClInclude>
    <ClInclude Include="..\src\SilentEngine\Private\EntityComponentSystem\SLightComponent\SLightComponent.h">
      <Filter>SilentEngine\Private\EntityComponentSystem\SLightComponent</Filter>
    </ClInclude>
    <ClInclude Include="..\src\SilentEngine\Public\EntityComponentSystem\SPointLightComponent\SPointLightComponent.h">
      <Filter>SilentEngine\Public\EntityComponentSystem\SPointLightComponent</Filter>
    </ClInclude>
    <ClInclude Include="..\src\SilentEngine\Public\EntityComponentSystem\SSpotLightComponent\SSpotLightComponent.h">
      <Filter>SilentEngine\Public\EntityComponentSystem\SSpotLightComponent</Filter>
    </ClInclude>
    <ClInclude Include="..\src\SilentEngine\Public\EntityComponentSystem\SDirectionalLightComponent\SDirectionalLightComponent.h">
      <Filter>SilentEngine\Public\EntityComponentSystem\SDirectionalLightComponent</Filter>
    </ClInclude>
    <ClInclude Include="..\src\SilentEngine\Private\DDSTextureLoader.h">
      <Filter>SilentEngine\Private\DDSTextureLoader</Filter>
    </ClInclude>
    <ClInclude Include="..\src\SilentEngine\Public\FileImport\SFormatOBJImporter\SFormatOBJImporter.h">
      <Filter>SilentEngine\Public\FileImport\SFormatOBJImporter</Filter>
    </ClInclude>
    <ClInclude Include="..\src\SilentEngine\Private\SShader\SShader.h">
      <Filter>SilentEngine\Private\SShader</Filter>
    </ClInclude>
    <ClInclude Include="..\src\SilentEngine\Private\SBlurEffect\SBlurEffect.h">
      <Filter>SilentEngine\Private\SBlurEffect</Filter>
    </ClInclude>
    <ClInclude Include="..\src\SilentEngine\Private\SRenderItem\SRenderItem.h">
      <Filter>SilentEngine\Private\SRenderItem</Filter>
    </ClInclude>
    <ClInclude Include="..\src\SilentEngine\Private\SMiscHelpers\SMiscHelpers.h">
      <Filter>SilentEngine\Private\SMiscHelpers</Filter>
    </ClInclude>
    <ClInclude Include="..\src\SilentEngine\Private\SCustomShaderResources\SCustomShaderResources.h">
      <Filter>SilentEngine\Private\SCustomShaderResources</Filter>
    </ClInclude>
    <ClInclude Include="..\src\SilentEngine\Public\SCamera\SCamera.h">
      <Filter>SilentEngine\Public\SCamera</Filter>
    </ClInclude>
    <ClInclude Include="..\src\SilentEngine\Public\SMaterial\SMaterial.h">
      <Filter>SilentEngine\Public\SMaterial</Filter>
    </ClInclude>
    <ClInclude Include="..\src\SilentEngine\Public\SComputeShader\SComputeShader.h">
      <Filter>SilentEngine\Public\SComputeShader</Filter>
    </ClInclude>
    <ClInclude Include="..\src\SilentEngine\Private\AudioEngine\SAudioEngine\saudioengine.h">
      <Filter>SilentEngine\Private\AudioEngine\SAudioEngine</Filter>
    </ClInclude>
    <ClInclude Include="..\src\SilentEngine\Private\AudioEngine\SSound\ssound.h">
      <Filter>SilentEngine\Private\AudioEngine\SSound</Filter>
    </ClInclude>
    <ClInclude Include="..\src\SilentEngine\Private\AudioEngine\SSoundMix\ssoundmix.h">
      <Filter>SilentEngine\Private\AudioEngine\SSoundMix</Filter>
    </ClInclude>
    <ClInclude Include="..\src\SilentEngine\Public\EntityComponentSystem\SAudioComponent\SAudioComponent.h">
      <Filter>SilentEngine\Public\EntityComponentSystem\SAudioComponent</Filter>
    </ClInclude>
    <ClInclude Include="..\src\SilentEngine\Private\GUI\SGUIObject\SGUIObject.h">
      <Filter>SilentEngine\Private\GUI\SGUIObject</Filter>
    </ClInclude>
  </ItemGroup>
</Project>